
Microsoft Visual Studio Solution File, Format Version 12.00
# Visual Studio 15
VisualStudioVersion = 15.0.27703.2047
MinimumVisualStudioVersion = 10.0.40219.1
Project("{FAE04EC0-301F-11D3-BF4B-00C04F79EFBC}") = "Mangos_are_acid", "Mangos_are_acid\Mangos_are_acid.csproj", "{84EB793D-906A-4B77-9AEB-0263AB4B6BC8}"
EndProject
Global
	GlobalSection(SolutionConfigurationPlatforms) = preSolution
		Debug|Any CPU = Debug|Any CPU
		Release|Any CPU = Release|Any CPU
	EndGlobalSection
	GlobalSection(ProjectConfigurationPlatforms) = postSolution
		{84EB793D-906A-4B77-9AEB-0263AB4B6BC8}.Debug|Any CPU.ActiveCfg = Debug|Any CPU
		{84EB793D-906A-4B77-9AEB-0263AB4B6BC8}.Debug|Any CPU.Build.0 = Debug|Any CPU
		{84EB793D-906A-4B77-9AEB-0263AB4B6BC8}.Release|Any CPU.ActiveCfg = Release|Any CPU
		{84EB793D-906A-4B77-9AEB-0263AB4B6BC8}.Release|Any CPU.Build.0 = Release|Any CPU
	EndGlobalSection
	GlobalSection(SolutionProperties) = preSolution
		HideSolutionNode = FALSE
	EndGlobalSection
	GlobalSection(ExtensibilityGlobals) = postSolution
		SolutionGuid = {8E6E172B-FDA0-4BD7-AE59-94EF036B81DD}
	EndGlobalSection
EndGlobal
